// !$*UTF8*$!
{
	archiveVersion = 1;
	classes = {
	};
	objectVersion = 56;
	objects = {

/* Begin PBXBuildFile section */
		BC1779822CDC7DAD005AB012 /* MYFirstIOSAppApp.swift in Sources */ = {isa = PBXBuildFile; fileRef = BC1779812CDC7DAD005AB012 /* MYFirstIOSAppApp.swift */; };
		BC1779862CDC7DAE005AB012 /* Assets.xcassets in Resources */ = {isa = PBXBuildFile; fileRef = BC1779852CDC7DAE005AB012 /* Assets.xcassets */; };
		BC1779892CDC7DAE005AB012 /* Preview Assets.xcassets in Resources */ = {isa = PBXBuildFile; fileRef = BC1779882CDC7DAE005AB012 /* Preview Assets.xcassets */; };
		BC1779932CDC7DAE005AB012 /* MYFirstIOSAppTests.swift in Sources */ = {isa = PBXBuildFile; fileRef = BC1779922CDC7DAE005AB012 /* MYFirstIOSAppTests.swift */; };
		BC17799D2CDC7DAE005AB012 /* MYFirstIOSAppUITests.swift in Sources */ = {isa = PBXBuildFile; fileRef = BC17799C2CDC7DAE005AB012 /* MYFirstIOSAppUITests.swift */; };
		BC17799F2CDC7DAE005AB012 /* MYFirstIOSAppUITestsLaunchTests.swift in Sources */ = {isa = PBXBuildFile; fileRef = BC17799E2CDC7DAE005AB012 /* MYFirstIOSAppUITestsLaunchTests.swift */; };
		BC2078E72CEBF028006050CF /* ListViewModel.swift in Sources */ = {isa = PBXBuildFile; fileRef = BC2078E62CEBF028006050CF /* ListViewModel.swift */; };
		BCA3C8AC2CE70F6E004BC7CF /* ListView.swift in Sources */ = {isa = PBXBuildFile; fileRef = BCA3C8AB2CE70F6E004BC7CF /* ListView.swift */; };
		BCA3C8AE2CE7113A004BC7CF /* ListRowView.swift in Sources */ = {isa = PBXBuildFile; fileRef = BCA3C8AD2CE7113A004BC7CF /* ListRowView.swift */; };
		BCA3C8B02CE7147B004BC7CF /* AddView.swift in Sources */ = {isa = PBXBuildFile; fileRef = BCA3C8AF2CE7147B004BC7CF /* AddView.swift */; };
		BCA3C8B32CE71E2F004BC7CF /* ItemModel.swift in Sources */ = {isa = PBXBuildFile; fileRef = BCA3C8B22CE71E2F004BC7CF /* ItemModel.swift */; };
		BCF432422CEDA2F80061B7AE /* NoItemsView.swift in Sources */ = {isa = PBXBuildFile; fileRef = BCF432412CEDA2F80061B7AE /* NoItemsView.swift */; };
		BCF432442CEDA89C0061B7AE /* LaunchScreen.storyboard in Resources */ = {isa = PBXBuildFile; fileRef = BCF432432CEDA89C0061B7AE /* LaunchScreen.storyboard */; };
/* End PBXBuildFile section */

/* Begin PBXContainerItemProxy section */
		BC17798F2CDC7DAE005AB012 /* PBXContainerItemProxy */ = {
			isa = PBXContainerItemProxy;
			containerPortal = BC1779762CDC7DAD005AB012 /* Project object */;
			proxyType = 1;
			remoteGlobalIDString = BC17797D2CDC7DAD005AB012;
			remoteInfo = MYFirstIOSApp;
		};
		BC1779992CDC7DAE005AB012 /* PBXContainerItemProxy */ = {
			isa = PBXContainerItemProxy;
			containerPortal = BC1779762CDC7DAD005AB012 /* Project object */;
			proxyType = 1;
			remoteGlobalIDString = BC17797D2CDC7DAD005AB012;
			remoteInfo = MYFirstIOSApp;
		};
/* End PBXContainerItemProxy section */

/* Begin PBXFileReference section */
		BC17797E2CDC7DAD005AB012 /* MYFirstIOSApp.app */ = {isa = PBXFileReference; explicitFileType = wrapper.application; includeInIndex = 0; path = MYFirstIOSApp.app; sourceTree = BUILT_PRODUCTS_DIR; };
		BC1779812CDC7DAD005AB012 /* MYFirstIOSAppApp.swift */ = {isa = PBXFileReference; lastKnownFileType = sourcecode.swift; path = MYFirstIOSAppApp.swift; sourceTree = "<group>"; };
		BC1779852CDC7DAE005AB012 /* Assets.xcassets */ = {isa = PBXFileReference; lastKnownFileType = folder.assetcatalog; path = Assets.xcassets; sourceTree = "<group>"; };
		BC1779882CDC7DAE005AB012 /* Preview Assets.xcassets */ = {isa = PBXFileReference; lastKnownFileType = folder.assetcatalog; path = "Preview Assets.xcassets"; sourceTree = "<group>"; };
		BC17798E2CDC7DAE005AB012 /* MYFirstIOSAppTests.xctest */ = {isa = PBXFileReference; explicitFileType = wrapper.cfbundle; includeInIndex = 0; path = MYFirstIOSAppTests.xctest; sourceTree = BUILT_PRODUCTS_DIR; };
		BC1779922CDC7DAE005AB012 /* MYFirstIOSAppTests.swift */ = {isa = PBXFileReference; lastKnownFileType = sourcecode.swift; path = MYFirstIOSAppTests.swift; sourceTree = "<group>"; };
		BC1779982CDC7DAE005AB012 /* MYFirstIOSAppUITests.xctest */ = {isa = PBXFileReference; explicitFileType = wrapper.cfbundle; includeInIndex = 0; path = MYFirstIOSAppUITests.xctest; sourceTree = BUILT_PRODUCTS_DIR; };
		BC17799C2CDC7DAE005AB012 /* MYFirstIOSAppUITests.swift */ = {isa = PBXFileReference; lastKnownFileType = sourcecode.swift; path = MYFirstIOSAppUITests.swift; sourceTree = "<group>"; };
		BC17799E2CDC7DAE005AB012 /* MYFirstIOSAppUITestsLaunchTests.swift */ = {isa = PBXFileReference; lastKnownFileType = sourcecode.swift; path = MYFirstIOSAppUITestsLaunchTests.swift; sourceTree = "<group>"; };
		BC2078E62CEBF028006050CF /* ListViewModel.swift */ = {isa = PBXFileReference; lastKnownFileType = sourcecode.swift; path = ListViewModel.swift; sourceTree = "<group>"; };
		BCA3C8AB2CE70F6E004BC7CF /* ListView.swift */ = {isa = PBXFileReference; lastKnownFileType = sourcecode.swift; path = ListView.swift; sourceTree = "<group>"; };
		BCA3C8AD2CE7113A004BC7CF /* ListRowView.swift */ = {isa = PBXFileReference; lastKnownFileType = sourcecode.swift; path = ListRowView.swift; sourceTree = "<group>"; };
		BCA3C8AF2CE7147B004BC7CF /* AddView.swift */ = {isa = PBXFileReference; lastKnownFileType = sourcecode.swift; path = AddView.swift; sourceTree = "<group>"; };
		BCA3C8B22CE71E2F004BC7CF /* ItemModel.swift */ = {isa = PBXFileReference; lastKnownFileType = sourcecode.swift; path = ItemModel.swift; sourceTree = "<group>"; };
		BCF432412CEDA2F80061B7AE /* NoItemsView.swift */ = {isa = PBXFileReference; lastKnownFileType = sourcecode.swift; path = NoItemsView.swift; sourceTree = "<group>"; };
		BCF432432CEDA89C0061B7AE /* LaunchScreen.storyboard */ = {isa = PBXFileReference; lastKnownFileType = file.storyboard; path = LaunchScreen.storyboard; sourceTree = "<group>"; };
/* End PBXFileReference section */

/* Begin PBXFrameworksBuildPhase section */
		BC17797B2CDC7DAD005AB012 /* Frameworks */ = {
			isa = PBXFrameworksBuildPhase;
			buildActionMask = 2147483647;
			files = (
			);
			runOnlyForDeploymentPostprocessing = 0;
		};
		BC17798B2CDC7DAE005AB012 /* Frameworks */ = {
			isa = PBXFrameworksBuildPhase;
			buildActionMask = 2147483647;
			files = (
			);
			runOnlyForDeploymentPostprocessing = 0;
		};
		BC1779952CDC7DAE005AB012 /* Frameworks */ = {
			isa = PBXFrameworksBuildPhase;
			buildActionMask = 2147483647;
			files = (
			);
			runOnlyForDeploymentPostprocessing = 0;
		};
/* End PBXFrameworksBuildPhase section */

/* Begin PBXGroup section */
		BC1779752CDC7DAD005AB012 = {
			isa = PBXGroup;
			children = (
				BC1779802CDC7DAD005AB012 /* MYFirstIOSApp */,
				BC1779912CDC7DAE005AB012 /* MYFirstIOSAppTests */,
				BC17799B2CDC7DAE005AB012 /* MYFirstIOSAppUITests */,
				BC17797F2CDC7DAD005AB012 /* Products */,
			);
			sourceTree = "<group>";
		};
		BC17797F2CDC7DAD005AB012 /* Products */ = {
			isa = PBXGroup;
			children = (
				BC17797E2CDC7DAD005AB012 /* MYFirstIOSApp.app */,
				BC17798E2CDC7DAE005AB012 /* MYFirstIOSAppTests.xctest */,
				BC1779982CDC7DAE005AB012 /* MYFirstIOSAppUITests.xctest */,
			);
			name = Products;
			sourceTree = "<group>";
		};
		BC1779802CDC7DAD005AB012 /* MYFirstIOSApp */ = {
			isa = PBXGroup;
			children = (
				BC1779812CDC7DAD005AB012 /* MYFirstIOSAppApp.swift */,
				BC2078E52CEBF007006050CF /* ViewModel */,
				BCA3C8B12CE71DF5004BC7CF /* Models */,
				BCA3C8AA2CE70F5E004BC7CF /* Views */,
				BC1779852CDC7DAE005AB012 /* Assets.xcassets */,
				BC1779872CDC7DAE005AB012 /* Preview Content */,
			);
			path = MYFirstIOSApp;
			sourceTree = "<group>";
		};
		BC1779872CDC7DAE005AB012 /* Preview Content */ = {
			isa = PBXGroup;
			children = (
				BC1779882CDC7DAE005AB012 /* Preview Assets.xcassets */,
			);
			path = "Preview Content";
			sourceTree = "<group>";
		};
		BC1779912CDC7DAE005AB012 /* MYFirstIOSAppTests */ = {
			isa = PBXGroup;
			children = (
				BC1779922CDC7DAE005AB012 /* MYFirstIOSAppTests.swift */,
			);
			path = MYFirstIOSAppTests;
			sourceTree = "<group>";
		};
		BC17799B2CDC7DAE005AB012 /* MYFirstIOSAppUITests */ = {
			isa = PBXGroup;
			children = (
				BC17799C2CDC7DAE005AB012 /* MYFirstIOSAppUITests.swift */,
				BC17799E2CDC7DAE005AB012 /* MYFirstIOSAppUITestsLaunchTests.swift */,
			);
			path = MYFirstIOSAppUITests;
			sourceTree = "<group>";
		};
		BC2078E52CEBF007006050CF /* ViewModel */ = {
			isa = PBXGroup;
			children = (
				BC2078E62CEBF028006050CF /* ListViewModel.swift */,
			);
			path = ViewModel;
			sourceTree = "<group>";
		};
		BCA3C8AA2CE70F5E004BC7CF /* Views */ = {
			isa = PBXGroup;
			children = (
				BCA3C8AB2CE70F6E004BC7CF /* ListView.swift */,
				BCA3C8AD2CE7113A004BC7CF /* ListRowView.swift */,
				BCA3C8AF2CE7147B004BC7CF /* AddView.swift */,
				BCF432412CEDA2F80061B7AE /* NoItemsView.swift */,
				BCF432432CEDA89C0061B7AE /* LaunchScreen.storyboard */,
			);
			path = Views;
			sourceTree = "<group>";
		};
		BCA3C8B12CE71DF5004BC7CF /* Models */ = {
			isa = PBXGroup;
			children = (
				BCA3C8B22CE71E2F004BC7CF /* ItemModel.swift */,
			);
			path = Models;
			sourceTree = "<group>";
		};
/* End PBXGroup section */

/* Begin PBXNativeTarget section */
		BC17797D2CDC7DAD005AB012 /* MYFirstIOSApp */ = {
			isa = PBXNativeTarget;
			buildConfigurationList = BC1779A22CDC7DAE005AB012 /* Build configuration list for PBXNativeTarget "MYFirstIOSApp" */;
			buildPhases = (
				BC17797A2CDC7DAD005AB012 /* Sources */,
				BC17797B2CDC7DAD005AB012 /* Frameworks */,
				BC17797C2CDC7DAD005AB012 /* Resources */,
			);
			buildRules = (
			);
			dependencies = (
			);
			name = MYFirstIOSApp;
			productName = MYFirstIOSApp;
			productReference = BC17797E2CDC7DAD005AB012 /* MYFirstIOSApp.app */;
			productType = "com.apple.product-type.application";
		};
		BC17798D2CDC7DAE005AB012 /* MYFirstIOSAppTests */ = {
			isa = PBXNativeTarget;
			buildConfigurationList = BC1779A52CDC7DAE005AB012 /* Build configuration list for PBXNativeTarget "MYFirstIOSAppTests" */;
			buildPhases = (
				BC17798A2CDC7DAE005AB012 /* Sources */,
				BC17798B2CDC7DAE005AB012 /* Frameworks */,
				BC17798C2CDC7DAE005AB012 /* Resources */,
			);
			buildRules = (
			);
			dependencies = (
				BC1779902CDC7DAE005AB012 /* PBXTargetDependency */,
			);
			name = MYFirstIOSAppTests;
			productName = MYFirstIOSAppTests;
			productReference = BC17798E2CDC7DAE005AB012 /* MYFirstIOSAppTests.xctest */;
			productType = "com.apple.product-type.bundle.unit-test";
		};
		BC1779972CDC7DAE005AB012 /* MYFirstIOSAppUITests */ = {
			isa = PBXNativeTarget;
			buildConfigurationList = BC1779A82CDC7DAE005AB012 /* Build configuration list for PBXNativeTarget "MYFirstIOSAppUITests" */;
			buildPhases = (
				BC1779942CDC7DAE005AB012 /* Sources */,
				BC1779952CDC7DAE005AB012 /* Frameworks */,
				BC1779962CDC7DAE005AB012 /* Resources */,
			);
			buildRules = (
			);
			dependencies = (
				BC17799A2CDC7DAE005AB012 /* PBXTargetDependency */,
			);
			name = MYFirstIOSAppUITests;
			productName = MYFirstIOSAppUITests;
			productReference = BC1779982CDC7DAE005AB012 /* MYFirstIOSAppUITests.xctest */;
			productType = "com.apple.product-type.bundle.ui-testing";
		};
/* End PBXNativeTarget section */

/* Begin PBXProject section */
		BC1779762CDC7DAD005AB012 /* Project object */ = {
			isa = PBXProject;
			attributes = {
				BuildIndependentTargetsInParallel = 1;
				LastSwiftUpdateCheck = 1400;
				LastUpgradeCheck = 1400;
				TargetAttributes = {
					BC17797D2CDC7DAD005AB012 = {
						CreatedOnToolsVersion = 14.0.1;
					};
					BC17798D2CDC7DAE005AB012 = {
						CreatedOnToolsVersion = 14.0.1;
						TestTargetID = BC17797D2CDC7DAD005AB012;
					};
					BC1779972CDC7DAE005AB012 = {
						CreatedOnToolsVersion = 14.0.1;
						TestTargetID = BC17797D2CDC7DAD005AB012;
					};
				};
			};
			buildConfigurationList = BC1779792CDC7DAD005AB012 /* Build configuration list for PBXProject "MYFirstIOSApp" */;
			compatibilityVersion = "Xcode 14.0";
			developmentRegion = en;
			hasScannedForEncodings = 0;
			knownRegions = (
				en,
				Base,
			);
			mainGroup = BC1779752CDC7DAD005AB012;
			productRefGroup = BC17797F2CDC7DAD005AB012 /* Products */;
			projectDirPath = "";
			projectRoot = "";
			targets = (
				BC17797D2CDC7DAD005AB012 /* MYFirstIOSApp */,
				BC17798D2CDC7DAE005AB012 /* MYFirstIOSAppTests */,
				BC1779972CDC7DAE005AB012 /* MYFirstIOSAppUITests */,
			);
		};
/* End PBXProject section */

/* Begin PBXResourcesBuildPhase section */
		BC17797C2CDC7DAD005AB012 /* Resources */ = {
			isa = PBXResourcesBuildPhase;
			buildActionMask = 2147483647;
			files = (
				BCF432442CEDA89C0061B7AE /* LaunchScreen.storyboard in Resources */,
				BC1779892CDC7DAE005AB012 /* Preview Assets.xcassets in Resources */,
				BC1779862CDC7DAE005AB012 /* Assets.xcassets in Resources */,
			);
			runOnlyForDeploymentPostprocessing = 0;
		};
		BC17798C2CDC7DAE005AB012 /* Resources */ = {
			isa = PBXResourcesBuildPhase;
			buildActionMask = 2147483647;
			files = (
			);
			runOnlyForDeploymentPostprocessing = 0;
		};
		BC1779962CDC7DAE005AB012 /* Resources */ = {
			isa = PBXResourcesBuildPhase;
			buildActionMask = 2147483647;
			files = (
			);
			runOnlyForDeploymentPostprocessing = 0;
		};
/* End PBXResourcesBuildPhase section */

/* Begin PBXSourcesBuildPhase section */
		BC17797A2CDC7DAD005AB012 /* Sources */ = {
			isa = PBXSourcesBuildPhase;
			buildActionMask = 2147483647;
			files = (
				BCA3C8B32CE71E2F004BC7CF /* ItemModel.swift in Sources */,
				BCA3C8AC2CE70F6E004BC7CF /* ListView.swift in Sources */,
				BC2078E72CEBF028006050CF /* ListViewModel.swift in Sources */,
				BCA3C8B02CE7147B004BC7CF /* AddView.swift in Sources */,
				BC1779822CDC7DAD005AB012 /* MYFirstIOSAppApp.swift in Sources */,
				BCF432422CEDA2F80061B7AE /* NoItemsView.swift in Sources */,
				BCA3C8AE2CE7113A004BC7CF /* ListRowView.swift in Sources */,
			);
			runOnlyForDeploymentPostprocessing = 0;
		};
		BC17798A2CDC7DAE005AB012 /* Sources */ = {
			isa = PBXSourcesBuildPhase;
			buildActionMask = 2147483647;
			files = (
				BC1779932CDC7DAE005AB012 /* MYFirstIOSAppTests.swift in Sources */,
			);
			runOnlyForDeploymentPostprocessing = 0;
		};
		BC1779942CDC7DAE005AB012 /* Sources */ = {
			isa = PBXSourcesBuildPhase;
			buildActionMask = 2147483647;
			files = (
				BC17799D2CDC7DAE005AB012 /* MYFirstIOSAppUITests.swift in Sources */,
				BC17799F2CDC7DAE005AB012 /* MYFirstIOSAppUITestsLaunchTests.swift in Sources */,
			);
			runOnlyForDeploymentPostprocessing = 0;
		};
/* End PBXSourcesBuildPhase section */

/* Begin PBXTargetDependency section */
		BC1779902CDC7DAE005AB012 /* PBXTargetDependency */ = {
			isa = PBXTargetDependency;
			target = BC17797D2CDC7DAD005AB012 /* MYFirstIOSApp */;
			targetProxy = BC17798F2CDC7DAE005AB012 /* PBXContainerItemProxy */;
		};
		BC17799A2CDC7DAE005AB012 /* PBXTargetDependency */ = {
			isa = PBXTargetDependency;
			target = BC17797D2CDC7DAD005AB012 /* MYFirstIOSApp */;
			targetProxy = BC1779992CDC7DAE005AB012 /* PBXContainerItemProxy */;
		};
/* End PBXTargetDependency section */

/* Begin XCBuildConfiguration section */
		BC1779A02CDC7DAE005AB012 /* Debug */ = {
			isa = XCBuildConfiguration;
			buildSettings = {
				ALWAYS_SEARCH_USER_PATHS = NO;
				CLANG_ANALYZER_NONNULL = YES;
				CLANG_ANALYZER_NUMBER_OBJECT_CONVERSION = YES_AGGRESSIVE;
				CLANG_CXX_LANGUAGE_STANDARD = "gnu++20";
				CLANG_ENABLE_MODULES = YES;
				CLANG_ENABLE_OBJC_ARC = YES;
				CLANG_ENABLE_OBJC_WEAK = YES;
				CLANG_WARN_BLOCK_CAPTURE_AUTORELEASING = YES;
				CLANG_WARN_BOOL_CONVERSION = YES;
				CLANG_WARN_COMMA = YES;
				CLANG_WARN_CONSTANT_CONVERSION = YES;
				CLANG_WARN_DEPRECATED_OBJC_IMPLEMENTATIONS = YES;
				CLANG_WARN_DIRECT_OBJC_ISA_USAGE = YES_ERROR;
				CLANG_WARN_DOCUMENTATION_COMMENTS = YES;
				CLANG_WARN_EMPTY_BODY = YES;
				CLANG_WARN_ENUM_CONVERSION = YES;
				CLANG_WARN_INFINITE_RECURSION = YES;
				CLANG_WARN_INT_CONVERSION = YES;
				CLANG_WARN_NON_LITERAL_NULL_CONVERSION = YES;
				CLANG_WARN_OBJC_IMPLICIT_RETAIN_SELF = YES;
				CLANG_WARN_OBJC_LITERAL_CONVERSION = YES;
				CLANG_WARN_OBJC_ROOT_CLASS = YES_ERROR;
				CLANG_WARN_QUOTED_INCLUDE_IN_FRAMEWORK_HEADER = YES;
				CLANG_WARN_RANGE_LOOP_ANALYSIS = YES;
				CLANG_WARN_STRICT_PROTOTYPES = YES;
				CLANG_WARN_SUSPICIOUS_MOVE = YES;
				CLANG_WARN_UNGUARDED_AVAILABILITY = YES_AGGRESSIVE;
				CLANG_WARN_UNREACHABLE_CODE = YES;
				CLANG_WARN__DUPLICATE_METHOD_MATCH = YES;
				COPY_PHASE_STRIP = NO;
				DEBUG_INFORMATION_FORMAT = dwarf;
				ENABLE_STRICT_OBJC_MSGSEND = YES;
				ENABLE_TESTABILITY = YES;
				GCC_C_LANGUAGE_STANDARD = gnu11;
				GCC_DYNAMIC_NO_PIC = NO;
				GCC_NO_COMMON_BLOCKS = YES;
				GCC_OPTIMIZATION_LEVEL = 0;
				GCC_PREPROCESSOR_DEFINITIONS = (
					"DEBUG=1",
					"$(inherited)",
				);
				GCC_WARN_64_TO_32_BIT_CONVERSION = YES;
				GCC_WARN_ABOUT_RETURN_TYPE = YES_ERROR;
				GCC_WARN_UNDECLARED_SELECTOR = YES;
				GCC_WARN_UNINITIALIZED_AUTOS = YES_AGGRESSIVE;
				GCC_WARN_UNUSED_FUNCTION = YES;
				GCC_WARN_UNUSED_VARIABLE = YES;
				IPHONEOS_DEPLOYMENT_TARGET = 16.0;
				MTL_ENABLE_DEBUG_INFO = INCLUDE_SOURCE;
				MTL_FAST_MATH = YES;
				ONLY_ACTIVE_ARCH = YES;
				SDKROOT = iphoneos;
				SWIFT_ACTIVE_COMPILATION_CONDITIONS = DEBUG;
				SWIFT_OPTIMIZATION_LEVEL = "-Onone";
			};
			name = Debug;
		};
		BC1779A12CDC7DAE005AB012 /* Release */ = {
			isa = XCBuildConfiguration;
			buildSettings = {
				ALWAYS_SEARCH_USER_PATHS = NO;
				CLANG_ANALYZER_NONNULL = YES;
				CLANG_ANALYZER_NUMBER_OBJECT_CONVERSION = YES_AGGRESSIVE;
				CLANG_CXX_LANGUAGE_STANDARD = "gnu++20";
				CLANG_ENABLE_MODULES = YES;
				CLANG_ENABLE_OBJC_ARC = YES;
				CLANG_ENABLE_OBJC_WEAK = YES;
				CLANG_WARN_BLOCK_CAPTURE_AUTORELEASING = YES;
				CLANG_WARN_BOOL_CONVERSION = YES;
				CLANG_WARN_COMMA = YES;
				CLANG_WARN_CONSTANT_CONVERSION = YES;
				CLANG_WARN_DEPRECATED_OBJC_IMPLEMENTATIONS = YES;
				CLANG_WARN_DIRECT_OBJC_ISA_USAGE = YES_ERROR;
				CLANG_WARN_DOCUMENTATION_COMMENTS = YES;
				CLANG_WARN_EMPTY_BODY = YES;
				CLANG_WARN_ENUM_CONVERSION = YES;
				CLANG_WARN_INFINITE_RECURSION = YES;
				CLANG_WARN_INT_CONVERSION = YES;
				CLANG_WARN_NON_LITERAL_NULL_CONVERSION = YES;
				CLANG_WARN_OBJC_IMPLICIT_RETAIN_SELF = YES;
				CLANG_WARN_OBJC_LITERAL_CONVERSION = YES;
				CLANG_WARN_OBJC_ROOT_CLASS = YES_ERROR;
				CLANG_WARN_QUOTED_INCLUDE_IN_FRAMEWORK_HEADER = YES;
				CLANG_WARN_RANGE_LOOP_ANALYSIS = YES;
				CLANG_WARN_STRICT_PROTOTYPES = YES;
				CLANG_WARN_SUSPICIOUS_MOVE = YES;
				CLANG_WARN_UNGUARDED_AVAILABILITY = YES_AGGRESSIVE;
				CLANG_WARN_UNREACHABLE_CODE = YES;
				CLANG_WARN__DUPLICATE_METHOD_MATCH = YES;
				COPY_PHASE_STRIP = NO;
				DEBUG_INFORMATION_FORMAT = "dwarf-with-dsym";
				ENABLE_NS_ASSERTIONS = NO;
				ENABLE_STRICT_OBJC_MSGSEND = YES;
				GCC_C_LANGUAGE_STANDARD = gnu11;
				GCC_NO_COMMON_BLOCKS = YES;
				GCC_WARN_64_TO_32_BIT_CONVERSION = YES;
				GCC_WARN_ABOUT_RETURN_TYPE = YES_ERROR;
				GCC_WARN_UNDECLARED_SELECTOR = YES;
				GCC_WARN_UNINITIALIZED_AUTOS = YES_AGGRESSIVE;
				GCC_WARN_UNUSED_FUNCTION = YES;
				GCC_WARN_UNUSED_VARIABLE = YES;
				IPHONEOS_DEPLOYMENT_TARGET = 16.0;
				MTL_ENABLE_DEBUG_INFO = NO;
				MTL_FAST_MATH = YES;
				SDKROOT = iphoneos;
				SWIFT_COMPILATION_MODE = wholemodule;
				SWIFT_OPTIMIZATION_LEVEL = "-O";
				VALIDATE_PRODUCT = YES;
			};
			name = Release;
		};
		BC1779A32CDC7DAE005AB012 /* Debug */ = {
			isa = XCBuildConfiguration;
			buildSettings = {
				ASSETCATALOG_COMPILER_APPICON_NAME = AppIcon;
				ASSETCATALOG_COMPILER_GLOBAL_ACCENT_COLOR_NAME = AccentColor;
				CODE_SIGN_STYLE = Automatic;
				CURRENT_PROJECT_VERSION = 1;
				DEVELOPMENT_ASSET_PATHS = "\"MYFirstIOSApp/Preview Content\"";
				DEVELOPMENT_TEAM = 2S5C6DCZWC;
				ENABLE_PREVIEWS = YES;
				GENERATE_INFOPLIST_FILE = YES;
				INFOPLIST_KEY_CFBundleDisplayName = ToDo;
				INFOPLIST_KEY_UIApplicationSceneManifest_Generation = YES;
				INFOPLIST_KEY_UIApplicationSupportsIndirectInputEvents = YES;
				INFOPLIST_KEY_UILaunchStoryboardName = LaunchScreen.storyboard;
				INFOPLIST_KEY_UISupportedInterfaceOrientations = UIInterfaceOrientationPortrait;
				IPHONEOS_DEPLOYMENT_TARGET = 14.0;
				LD_RUNPATH_SEARCH_PATHS = (
					"$(inherited)",
					"@executable_path/Frameworks",
				);
				MARKETING_VERSION = 1.0;
				PRODUCT_BUNDLE_IDENTIFIER = com.trainingApps.MYFirstIOSApp;
				PRODUCT_NAME = "$(TARGET_NAME)";
				SWIFT_EMIT_LOC_STRINGS = YES;
				SWIFT_VERSION = 5.0;
				TARGETED_DEVICE_FAMILY = "1,2";
			};
			name = Debug;
		};
		BC1779A42CDC7DAE005AB012 /* Release */ = {
			isa = XCBuildConfiguration;
			buildSettings = {
				ASSETCATALOG_COMPILER_APPICON_NAME = AppIcon;
				ASSETCATALOG_COMPILER_GLOBAL_ACCENT_COLOR_NAME = AccentColor;
				CODE_SIGN_STYLE = Automatic;
				CURRENT_PROJECT_VERSION = 1;
				DEVELOPMENT_ASSET_PATHS = "\"MYFirstIOSApp/Preview Content\"";
				DEVELOPMENT_TEAM = 2S5C6DCZWC;
				ENABLE_PREVIEWS = YES;
				GENERATE_INFOPLIST_FILE = YES;
				INFOPLIST_KEY_CFBundleDisplayName = ToDo;
				INFOPLIST_KEY_UIApplicationSceneManifest_Generation = YES;
				INFOPLIST_KEY_UIApplicationSupportsIndirectInputEvents = YES;
				INFOPLIST_KEY_UILaunchStoryboardName = LaunchScreen.storyboard;
				INFOPLIST_KEY_UISupportedInterfaceOrientations = UIInterfaceOrientationPortrait;
				IPHONEOS_DEPLOYMENT_TARGET = 14.0;
				LD_RUNPATH_SEARCH_PATHS = (
					"$(inherited)",
					"@executable_path/Frameworks",
				);
				MARKETING_VERSION = 1.0;
				PRODUCT_BUNDLE_IDENTIFIER = com.trainingApps.MYFirstIOSApp;
				PRODUCT_NAME = "$(TARGET_NAME)";
				SWIFT_EMIT_LOC_STRINGS = YES;
				SWIFT_VERSION = 5.0;
				TARGETED_DEVICE_FAMILY = "1,2";
			};
			name = Release;
		};
		BC1779A62CDC7DAE005AB012 /* Debug */ = {
			isa = XCBuildConfiguration;
			buildSettings = {
				ALWAYS_EMBED_SWIFT_STANDARD_LIBRARIES = YES;
				BUNDLE_LOADER = "$(TEST_HOST)";
				CODE_SIGN_STYLE = Automatic;
				CURRENT_PROJECT_VERSION = 1;
				GENERATE_INFOPLIST_FILE = YES;
				IPHONEOS_DEPLOYMENT_TARGET = 16.0;
				MARKETING_VERSION = 1.0;
				PRODUCT_BUNDLE_IDENTIFIER = com.trainingApps.MYFirstIOSAppTests;
				PRODUCT_NAME = "$(TARGET_NAME)";
				SWIFT_EMIT_LOC_STRINGS = NO;
				SWIFT_VERSION = 5.0;
				TARGETED_DEVICE_FAMILY = "1,2";
				TEST_HOST = "$(BUILT_PRODUCTS_DIR)/MYFirstIOSApp.app/$(BUNDLE_EXECUTABLE_FOLDER_PATH)/MYFirstIOSApp";
			};
			name = Debug;
		};
		BC1779A72CDC7DAE005AB012 /* Release */ = {
			isa = XCBuildConfiguration;
			buildSettings = {
				ALWAYS_EMBED_SWIFT_STANDARD_LIBRARIES = YES;
				BUNDLE_LOADER = "$(TEST_HOST)";
				CODE_SIGN_STYLE = Automatic;
				CURRENT_PROJECT_VERSION = 1;
				GENERATE_INFOPLIST_FILE = YES;
				IPHONEOS_DEPLOYMENT_TARGET = 16.0;
				MARKETING_VERSION = 1.0;
				PRODUCT_BUNDLE_IDENTIFIER = com.trainingApps.MYFirstIOSAppTests;
				PRODUCT_NAME = "$(TARGET_NAME)";
				SWIFT_EMIT_LOC_STRINGS = NO;
				SWIFT_VERSION = 5.0;
				TARGETED_DEVICE_FAMILY = "1,2";
				TEST_HOST = "$(BUILT_PRODUCTS_DIR)/MYFirstIOSApp.app/$(BUNDLE_EXECUTABLE_FOLDER_PATH)/MYFirstIOSApp";
			};
			name = Release;
		};
		BC1779A92CDC7DAE005AB012 /* Debug */ = {
			isa = XCBuildConfiguration;
			buildSettings = {
				ALWAYS_EMBED_SWIFT_STANDARD_LIBRARIES = YES;
				CODE_SIGN_STYLE = Automatic;
				CURRENT_PROJECT_VERSION = 1;
				GENERATE_INFOPLIST_FILE = YES;
				MARKETING_VERSION = 1.0;
				PRODUCT_BUNDLE_IDENTIFIER = com.trainingApps.MYFirstIOSAppUITests;
				PRODUCT_NAME = "$(TARGET_NAME)";
				SWIFT_EMIT_LOC_STRINGS = NO;
				SWIFT_VERSION = 5.0;
				TARGETED_DEVICE_FAMILY = "1,2";
				TEST_TARGET_NAME = MYFirstIOSApp;
			};
			name = Debug;
		};
		BC1779AA2CDC7DAE005AB012 /* Release */ = {
			isa = XCBuildConfiguration;
			buildSettings = {
				ALWAYS_EMBED_SWIFT_STANDARD_LIBRARIES = YES;
				CODE_SIGN_STYLE = Automatic;
				CURRENT_PROJECT_VERSION = 1;
				GENERATE_INFOPLIST_FILE = YES;
				MARKETING_VERSION = 1.0;
				PRODUCT_BUNDLE_IDENTIFIER = com.trainingApps.MYFirstIOSAppUITests;
				PRODUCT_NAME = "$(TARGET_NAME)";
				SWIFT_EMIT_LOC_STRINGS = NO;
				SWIFT_VERSION = 5.0;
				TARGETED_DEVICE_FAMILY = "1,2";
				TEST_TARGET_NAME = MYFirstIOSApp;
			};
			name = Release;
		};
/* End XCBuildConfiguration section */

/* Begin XCConfigurationList section */
		BC1779792CDC7DAD005AB012 /* Build configuration list for PBXProject "MYFirstIOSApp" */ = {
			isa = XCConfigurationList;
			buildConfigurations = (
				BC1779A02CDC7DAE005AB012 /* Debug */,
				BC1779A12CDC7DAE005AB012 /* Release */,
			);
			defaultConfigurationIsVisible = 0;
			defaultConfigurationName = Release;
		};
		BC1779A22CDC7DAE005AB012 /* Build configuration list for PBXNativeTarget "MYFirstIOSApp" */ = {
			isa = XCConfigurationList;
			buildConfigurations = (
				BC1779A32CDC7DAE005AB012 /* Debug */,
				BC1779A42CDC7DAE005AB012 /* Release */,
			);
			defaultConfigurationIsVisible = 0;
			defaultConfigurationName = Release;
		};
		BC1779A52CDC7DAE005AB012 /* Build configuration list for PBXNativeTarget "MYFirstIOSAppTests" */ = {
			isa = XCConfigurationList;
			buildConfigurations = (
				BC1779A62CDC7DAE005AB012 /* Debug */,
				BC1779A72CDC7DAE005AB012 /* Release */,
			);
			defaultConfigurationIsVisible = 0;
			defaultConfigurationName = Release;
		};
		BC1779A82CDC7DAE005AB012 /* Build configuration list for PBXNativeTarget "MYFirstIOSAppUITests" */ = {
			isa = XCConfigurationList;
			buildConfigurations = (
				BC1779A92CDC7DAE005AB012 /* Debug */,
				BC1779AA2CDC7DAE005AB012 /* Release */,
			);
			defaultConfigurationIsVisible = 0;
			defaultConfigurationName = Release;
		};
/* End XCConfigurationList section */
	};
	rootObject = BC1779762CDC7DAD005AB012 /* Project object */;
}
